
Microsoft Visual Studio Solution File, Format Version 12.00
# Visual Studio Version 16
VisualStudioVersion = 16.0.29123.88
MinimumVisualStudioVersion = 10.0.40219.1
Project("{FAE04EC0-301F-11D3-BF4B-00C04F79EFBC}") = "SimpleServer", "SimpleServer\SimpleServer.csproj", "{F58DD07E-33CB-41EC-9C64-6C88DF396ADB}"
EndProject
Project("{FAE04EC0-301F-11D3-BF4B-00C04F79EFBC}") = "SimpleClient", "SimpleClient\SimpleClient.csproj", "{CDA5D544-1333-46F2-900A-5900C5C310CA}"
EndProject
Project("{D954291E-2A0B-460D-934E-DC6B0785DB48}") = "Shared", "Shared\Shared.shproj", "{66A93801-4467-4EE3-B2A2-AD55265535D2}"
EndProject
Global
	GlobalSection(SharedMSBuildProjectFiles) = preSolution
		Shared\Shared.projitems*{66a93801-4467-4ee3-b2a2-ad55265535d2}*SharedItemsImports = 13
		Shared\Shared.projitems*{cda5d544-1333-46f2-900a-5900c5c310ca}*SharedItemsImports = 4
		Shared\Shared.projitems*{f58dd07e-33cb-41ec-9c64-6c88df396adb}*SharedItemsImports = 4
	EndGlobalSection
	GlobalSection(SolutionConfigurationPlatforms) = preSolution
		Debug|Any CPU = Debug|Any CPU
		Release|Any CPU = Release|Any CPU
	EndGlobalSection
	GlobalSection(ProjectConfigurationPlatforms) = postSolution
		{F58DD07E-33CB-41EC-9C64-6C88DF396ADB}.Debug|Any CPU.ActiveCfg = Debug|Any CPU
		{F58DD07E-33CB-41EC-9C64-6C88DF396ADB}.Debug|Any CPU.Build.0 = Debug|Any CPU
		{F58DD07E-33CB-41EC-9C64-6C88DF396ADB}.Release|Any CPU.ActiveCfg = Release|Any CPU
		{F58DD07E-33CB-41EC-9C64-6C88DF396ADB}.Release|Any CPU.Build.0 = Release|Any CPU
		{CDA5D544-1333-46F2-900A-5900C5C310CA}.Debug|Any CPU.ActiveCfg = Debug|Any CPU
		{CDA5D544-1333-46F2-900A-5900C5C310CA}.Debug|Any CPU.Build.0 = Debug|Any CPU
		{CDA5D544-1333-46F2-900A-5900C5C310CA}.Release|Any CPU.ActiveCfg = Release|Any CPU
		{CDA5D544-1333-46F2-900A-5900C5C310CA}.Release|Any CPU.Build.0 = Release|Any CPU
	EndGlobalSection
	GlobalSection(SolutionProperties) = preSolution
		HideSolutionNode = FALSE
	EndGlobalSection
	GlobalSection(ExtensibilityGlobals) = postSolution
		SolutionGuid = {BDD28405-6B2A-4272-A2BA-2987DAACEF04}
	EndGlobalSection
EndGlobal
